
Microsoft Visual Studio Solution File, Format Version 12.00
# Visual Studio Version 17
VisualStudioVersion = 17.4.33213.308
MinimumVisualStudioVersion = 10.0.40219.1
Project("{9A19103F-16F7-4668-BE54-9A1E7A4F7556}") = "Data structures", "Data structures\Data structures.csproj", "{5B98310B-73D4-4E7B-BD35-72D2DC3CA08F}"
EndProject
Project("{9A19103F-16F7-4668-BE54-9A1E7A4F7556}") = "AddTwoNumbersLeetcodeProblem", "AddTwoNumbersLeetcodeProblem\AddTwoNumbersLeetcodeProblem.csproj", "{CA284AD8-08BE-4BBF-92FD-35C9C27BF7D7}"
EndProject
Project("{9A19103F-16F7-4668-BE54-9A1E7A4F7556}") = "MergeSortedArrayLeetcodeProblem", "MergeSortedArrayLeetcodeProblem\MergeSortedArrayLeetcodeProblem.csproj", "{946BEB98-1233-45C7-91E7-25006968B7BB}"
EndProject
Project("{9A19103F-16F7-4668-BE54-9A1E7A4F7556}") = "IsPalindrom", "IsPalindrom\IsPalindrom.csproj", "{27FD7AD2-EC0A-4CA1-88E0-A7EC4F1904E7}"
EndProject
Project("{9A19103F-16F7-4668-BE54-9A1E7A4F7556}") = "TwoSum", "TwoSum\TwoSum.csproj", "{BE556DD8-BACF-422B-9F39-2628DA49278A}"
EndProject
Project("{9A19103F-16F7-4668-BE54-9A1E7A4F7556}") = "ArrayChanllengeBinaryTree", "ArrayChanllengeBinaryTree\ArrayChanllengeBinaryTree.csproj", "{D9C7D319-0D72-4DF8-9957-A259A24F7294}"
EndProject
Project("{9A19103F-16F7-4668-BE54-9A1E7A4F7556}") = "Remove Duplicates from Sorted Array", "Remove Duplicates from Sorted Array\Remove Duplicates from Sorted Array.csproj", "{0A5BBEF4-7110-4408-BD7D-1FC24A6022D2}"
EndProject
Project("{FAE04EC0-301F-11D3-BF4B-00C04F79EFBC}") = "TwoSumUsingHashTable", "TwoSumUsingHashTable\TwoSumUsingHashTable.csproj", "{B0B89465-3429-4157-B46D-41A89ACE24FC}"
EndProject
Global
	GlobalSection(SolutionConfigurationPlatforms) = preSolution
		Debug|Any CPU = Debug|Any CPU
		Release|Any CPU = Release|Any CPU
	EndGlobalSection
	GlobalSection(ProjectConfigurationPlatforms) = postSolution
		{5B98310B-73D4-4E7B-BD35-72D2DC3CA08F}.Debug|Any CPU.ActiveCfg = Debug|Any CPU
		{5B98310B-73D4-4E7B-BD35-72D2DC3CA08F}.Debug|Any CPU.Build.0 = Debug|Any CPU
		{5B98310B-73D4-4E7B-BD35-72D2DC3CA08F}.Release|Any CPU.ActiveCfg = Release|Any CPU
		{5B98310B-73D4-4E7B-BD35-72D2DC3CA08F}.Release|Any CPU.Build.0 = Release|Any CPU
		{CA284AD8-08BE-4BBF-92FD-35C9C27BF7D7}.Debug|Any CPU.ActiveCfg = Debug|Any CPU
		{CA284AD8-08BE-4BBF-92FD-35C9C27BF7D7}.Debug|Any CPU.Build.0 = Debug|Any CPU
		{CA284AD8-08BE-4BBF-92FD-35C9C27BF7D7}.Release|Any CPU.ActiveCfg = Release|Any CPU
		{CA284AD8-08BE-4BBF-92FD-35C9C27BF7D7}.Release|Any CPU.Build.0 = Release|Any CPU
		{946BEB98-1233-45C7-91E7-25006968B7BB}.Debug|Any CPU.ActiveCfg = Debug|Any CPU
		{946BEB98-1233-45C7-91E7-25006968B7BB}.Debug|Any CPU.Build.0 = Debug|Any CPU
		{946BEB98-1233-45C7-91E7-25006968B7BB}.Release|Any CPU.ActiveCfg = Release|Any CPU
		{946BEB98-1233-45C7-91E7-25006968B7BB}.Release|Any CPU.Build.0 = Release|Any CPU
		{27FD7AD2-EC0A-4CA1-88E0-A7EC4F1904E7}.Debug|Any CPU.ActiveCfg = Debug|Any CPU
		{27FD7AD2-EC0A-4CA1-88E0-A7EC4F1904E7}.Debug|Any CPU.Build.0 = Debug|Any CPU
		{27FD7AD2-EC0A-4CA1-88E0-A7EC4F1904E7}.Release|Any CPU.ActiveCfg = Release|Any CPU
		{27FD7AD2-EC0A-4CA1-88E0-A7EC4F1904E7}.Release|Any CPU.Build.0 = Release|Any CPU
		{BE556DD8-BACF-422B-9F39-2628DA49278A}.Debug|Any CPU.ActiveCfg = Debug|Any CPU
		{BE556DD8-BACF-422B-9F39-2628DA49278A}.Debug|Any CPU.Build.0 = Debug|Any CPU
		{BE556DD8-BACF-422B-9F39-2628DA49278A}.Release|Any CPU.ActiveCfg = Release|Any CPU
		{BE556DD8-BACF-422B-9F39-2628DA49278A}.Release|Any CPU.Build.0 = Release|Any CPU
		{D9C7D319-0D72-4DF8-9957-A259A24F7294}.Debug|Any CPU.ActiveCfg = Debug|Any CPU
		{D9C7D319-0D72-4DF8-9957-A259A24F7294}.Debug|Any CPU.Build.0 = Debug|Any CPU
		{D9C7D319-0D72-4DF8-9957-A259A24F7294}.Release|Any CPU.ActiveCfg = Release|Any CPU
		{D9C7D319-0D72-4DF8-9957-A259A24F7294}.Release|Any CPU.Build.0 = Release|Any CPU
		{0A5BBEF4-7110-4408-BD7D-1FC24A6022D2}.Debug|Any CPU.ActiveCfg = Debug|Any CPU
		{0A5BBEF4-7110-4408-BD7D-1FC24A6022D2}.Debug|Any CPU.Build.0 = Debug|Any CPU
		{0A5BBEF4-7110-4408-BD7D-1FC24A6022D2}.Release|Any CPU.ActiveCfg = Release|Any CPU
		{0A5BBEF4-7110-4408-BD7D-1FC24A6022D2}.Release|Any CPU.Build.0 = Release|Any CPU
		{B0B89465-3429-4157-B46D-41A89ACE24FC}.Debug|Any CPU.ActiveCfg = Debug|Any CPU
		{B0B89465-3429-4157-B46D-41A89ACE24FC}.Debug|Any CPU.Build.0 = Debug|Any CPU
		{B0B89465-3429-4157-B46D-41A89ACE24FC}.Release|Any CPU.ActiveCfg = Release|Any CPU
		{B0B89465-3429-4157-B46D-41A89ACE24FC}.Release|Any CPU.Build.0 = Release|Any CPU
	EndGlobalSection
	GlobalSection(SolutionProperties) = preSolution
		HideSolutionNode = FALSE
	EndGlobalSection
	GlobalSection(ExtensibilityGlobals) = postSolution
		SolutionGuid = {F70D43B5-C992-471C-83DB-F692425CD482}
	EndGlobalSection
EndGlobal
